
Microsoft Visual Studio Solution File, Format Version 12.00
# Visual Studio Version 17
VisualStudioVersion = 17.1.32328.378
MinimumVisualStudioVersion = 10.0.40219.1
Project("{FAE04EC0-301F-11D3-BF4B-00C04F79EFBC}") = "HyPlayer", "HyPlayer\HyPlayer.csproj", "{DDD54862-21FE-4810-B8EC-74BF0447E000}"
EndProject
Project("{FAE04EC0-301F-11D3-BF4B-00C04F79EFBC}") = "Kawazu", "Kawazu\Kawazu\Kawazu.csproj", "{2DC18999-32F2-40D4-AD9B-C5A09514E087}"
EndProject
Project("{FAE04EC0-301F-11D3-BF4B-00C04F79EFBC}") = "NeteaseCloudMusicApi", "NeteaseCloudMusicApi\NeteaseCloudMusicApi\NeteaseCloudMusicApi.csproj", "{C20D7EA5-6DB8-42B3-855D-75470CBE667F}"
EndProject
Project("{FAE04EC0-301F-11D3-BF4B-00C04F79EFBC}") = "AudioEffectComponent", "AudioEffectComponent\AudioEffectComponent.csproj", "{3622FD12-CE05-4B0F-8CE2-FAE1ADD0BB4E}"
EndProject
Project("{FAE04EC0-301F-11D3-BF4B-00C04F79EFBC}") = "LyricParser", "LyricParser\LyricParser\LyricParser.csproj", "{8CB63BD0-1A5E-4CA0-AAAD-4249D37E3A47}"
EndProject
Project("{9A19103F-16F7-4668-BE54-9A1E7A4F7556}") = "Impressionist", "Impressionist\Impressionist\Impressionist.csproj", "{0F920821-8006-4512-ABCD-1396D1916FED}"
EndProject
Project("{2150E333-8FDC-42A3-9474-1A3956D46DE8}") = "Solution Items", "Solution Items", "{FD9060D1-CAC5-41F5-9C66-F2460442E00D}"
	ProjectSection(SolutionItems) = preProject
		.cz-config.js = .cz-config.js
		CHANGELOG.md = CHANGELOG.md
		CHANGELOG_RELEASE.md = CHANGELOG_RELEASE.md
		CODE_OF_CONDUCT.md = CODE_OF_CONDUCT.md
		global.json = global.json
		LICENCE = LICENCE
		nuget.config = nuget.config
		PREVIEW.md = PREVIEW.md
		PrivacyPolicy.md = PrivacyPolicy.md
		README.md = README.md
		renovate.json = renovate.json
	EndProjectSection
EndProject
Project("{FAE04EC0-301F-11D3-BF4B-00C04F79EFBC}") = "HyPlayer.Frieren", "HyPlayer.Frieren\HyPlayer.Frieren.csproj", "{8DB15C94-9CCA-4B40-91F4-5919BBC67ABB}"
EndProject
Project("{2150E333-8FDC-42A3-9474-1A3956D46DE8}") = "Source", "Source", "{02EA681E-C7D8-13C7-8484-4AC65E1B71E8}"
EndProject
Project("{2150E333-8FDC-42A3-9474-1A3956D46DE8}") = "Core", "Core", "{D6AF5147-82F1-4385-9E9A-BFF82A09A9D8}"
EndProject
Project("{2150E333-8FDC-42A3-9474-1A3956D46DE8}") = "Platforms", "Platforms", "{B1ED7DD7-D6B5-4CFF-8B1F-5347EE584AE1}"
EndProject
Project("{FAE04EC0-301F-11D3-BF4B-00C04F79EFBC}") = "FluentSettingControls", "FluentSettingControls\FluentSettingControls\FluentSettingControls.csproj", "{6E580C40-BD82-4145-BB69-90F00627CC02}"
EndProject
Global
	GlobalSection(SolutionConfigurationPlatforms) = preSolution
		Debug|Any CPU = Debug|Any CPU
		Debug|ARM64 = Debug|ARM64
		Debug|x64 = Debug|x64
		Debug|x86 = Debug|x86
		Release|Any CPU = Release|Any CPU
		Release|ARM64 = Release|ARM64
		Release|x64 = Release|x64
		Release|x86 = Release|x86
	EndGlobalSection
	GlobalSection(ProjectConfigurationPlatforms) = postSolution
		{DDD54862-21FE-4810-B8EC-74BF0447E000}.Debug|Any CPU.ActiveCfg = Debug|Any CPU
		{DDD54862-21FE-4810-B8EC-74BF0447E000}.Debug|Any CPU.Build.0 = Debug|Any CPU
		{DDD54862-21FE-4810-B8EC-74BF0447E000}.Debug|Any CPU.Deploy.0 = Debug|Any CPU
		{DDD54862-21FE-4810-B8EC-74BF0447E000}.Debug|ARM64.ActiveCfg = Debug|ARM64
		{DDD54862-21FE-4810-B8EC-74BF0447E000}.Debug|ARM64.Build.0 = Debug|ARM64
		{DDD54862-21FE-4810-B8EC-74BF0447E000}.Debug|ARM64.Deploy.0 = Debug|ARM64
		{DDD54862-21FE-4810-B8EC-74BF0447E000}.Debug|x64.ActiveCfg = Debug|x64
		{DDD54862-21FE-4810-B8EC-74BF0447E000}.Debug|x64.Build.0 = Debug|x64
		{DDD54862-21FE-4810-B8EC-74BF0447E000}.Debug|x64.Deploy.0 = Debug|x64
		{DDD54862-21FE-4810-B8EC-74BF0447E000}.Debug|x86.ActiveCfg = Debug|x86
		{DDD54862-21FE-4810-B8EC-74BF0447E000}.Debug|x86.Build.0 = Debug|x86
		{DDD54862-21FE-4810-B8EC-74BF0447E000}.Debug|x86.Deploy.0 = Debug|x86
		{DDD54862-21FE-4810-B8EC-74BF0447E000}.Release|Any CPU.ActiveCfg = Release|Any CPU
		{DDD54862-21FE-4810-B8EC-74BF0447E000}.Release|Any CPU.Build.0 = Release|Any CPU
		{DDD54862-21FE-4810-B8EC-74BF0447E000}.Release|Any CPU.Deploy.0 = Release|Any CPU
		{DDD54862-21FE-4810-B8EC-74BF0447E000}.Release|ARM64.ActiveCfg = Release|ARM64
		{DDD54862-21FE-4810-B8EC-74BF0447E000}.Release|ARM64.Build.0 = Release|ARM64
		{DDD54862-21FE-4810-B8EC-74BF0447E000}.Release|ARM64.Deploy.0 = Release|ARM64
		{DDD54862-21FE-4810-B8EC-74BF0447E000}.Release|x64.ActiveCfg = Release|x64
		{DDD54862-21FE-4810-B8EC-74BF0447E000}.Release|x64.Build.0 = Release|x64
		{DDD54862-21FE-4810-B8EC-74BF0447E000}.Release|x64.Deploy.0 = Release|x64
		{DDD54862-21FE-4810-B8EC-74BF0447E000}.Release|x86.ActiveCfg = Release|x86
		{DDD54862-21FE-4810-B8EC-74BF0447E000}.Release|x86.Build.0 = Release|x86
		{DDD54862-21FE-4810-B8EC-74BF0447E000}.Release|x86.Deploy.0 = Release|x86
		{2DC18999-32F2-40D4-AD9B-C5A09514E087}.Debug|Any CPU.ActiveCfg = Debug|x64
		{2DC18999-32F2-40D4-AD9B-C5A09514E087}.Debug|Any CPU.Build.0 = Debug|x64
		{2DC18999-32F2-40D4-AD9B-C5A09514E087}.Debug|ARM64.ActiveCfg = Debug|ARM64
		{2DC18999-32F2-40D4-AD9B-C5A09514E087}.Debug|ARM64.Build.0 = Debug|ARM64
		{2DC18999-32F2-40D4-AD9B-C5A09514E087}.Debug|x64.ActiveCfg = Debug|x64
		{2DC18999-32F2-40D4-AD9B-C5A09514E087}.Debug|x64.Build.0 = Debug|x64
		{2DC18999-32F2-40D4-AD9B-C5A09514E087}.Debug|x86.ActiveCfg = Debug|x86
		{2DC18999-32F2-40D4-AD9B-C5A09514E087}.Debug|x86.Build.0 = Debug|x86
		{2DC18999-32F2-40D4-AD9B-C5A09514E087}.Release|Any CPU.ActiveCfg = Release|x64
		{2DC18999-32F2-40D4-AD9B-C5A09514E087}.Release|Any CPU.Build.0 = Release|x64
		{2DC18999-32F2-40D4-AD9B-C5A09514E087}.Release|ARM64.ActiveCfg = Release|ARM64
		{2DC18999-32F2-40D4-AD9B-C5A09514E087}.Release|ARM64.Build.0 = Release|ARM64
		{2DC18999-32F2-40D4-AD9B-C5A09514E087}.Release|x64.ActiveCfg = Release|x64
		{2DC18999-32F2-40D4-AD9B-C5A09514E087}.Release|x64.Build.0 = Release|x64
		{2DC18999-32F2-40D4-AD9B-C5A09514E087}.Release|x86.ActiveCfg = Release|x86
		{2DC18999-32F2-40D4-AD9B-C5A09514E087}.Release|x86.Build.0 = Release|x86
		{C20D7EA5-6DB8-42B3-855D-75470CBE667F}.Debug|Any CPU.ActiveCfg = Debug|x64
		{C20D7EA5-6DB8-42B3-855D-75470CBE667F}.Debug|Any CPU.Build.0 = Debug|x64
		{C20D7EA5-6DB8-42B3-855D-75470CBE667F}.Debug|ARM64.ActiveCfg = Debug|ARM64
		{C20D7EA5-6DB8-42B3-855D-75470CBE667F}.Debug|ARM64.Build.0 = Debug|ARM64
		{C20D7EA5-6DB8-42B3-855D-75470CBE667F}.Debug|x64.ActiveCfg = Debug|x64
		{C20D7EA5-6DB8-42B3-855D-75470CBE667F}.Debug|x64.Build.0 = Debug|x64
		{C20D7EA5-6DB8-42B3-855D-75470CBE667F}.Debug|x86.ActiveCfg = Debug|x86
		{C20D7EA5-6DB8-42B3-855D-75470CBE667F}.Debug|x86.Build.0 = Debug|x86
		{C20D7EA5-6DB8-42B3-855D-75470CBE667F}.Release|Any CPU.ActiveCfg = Release|x64
		{C20D7EA5-6DB8-42B3-855D-75470CBE667F}.Release|Any CPU.Build.0 = Release|x64
		{C20D7EA5-6DB8-42B3-855D-75470CBE667F}.Release|ARM64.ActiveCfg = Release|ARM64
		{C20D7EA5-6DB8-42B3-855D-75470CBE667F}.Release|ARM64.Build.0 = Release|ARM64
		{C20D7EA5-6DB8-42B3-855D-75470CBE667F}.Release|x64.ActiveCfg = Release|x64
		{C20D7EA5-6DB8-42B3-855D-75470CBE667F}.Release|x64.Build.0 = Release|x64
		{C20D7EA5-6DB8-42B3-855D-75470CBE667F}.Release|x86.ActiveCfg = Release|x86
		{C20D7EA5-6DB8-42B3-855D-75470CBE667F}.Release|x86.Build.0 = Release|x86
		{3622FD12-CE05-4B0F-8CE2-FAE1ADD0BB4E}.Debug|Any CPU.ActiveCfg = Debug|x64
		{3622FD12-CE05-4B0F-8CE2-FAE1ADD0BB4E}.Debug|Any CPU.Build.0 = Debug|x64
		{3622FD12-CE05-4B0F-8CE2-FAE1ADD0BB4E}.Debug|ARM64.ActiveCfg = Debug|ARM64
		{3622FD12-CE05-4B0F-8CE2-FAE1ADD0BB4E}.Debug|ARM64.Build.0 = Debug|ARM64
		{3622FD12-CE05-4B0F-8CE2-FAE1ADD0BB4E}.Debug|x64.ActiveCfg = Debug|x64
		{3622FD12-CE05-4B0F-8CE2-FAE1ADD0BB4E}.Debug|x64.Build.0 = Debug|x64
		{3622FD12-CE05-4B0F-8CE2-FAE1ADD0BB4E}.Debug|x86.ActiveCfg = Debug|x86
		{3622FD12-CE05-4B0F-8CE2-FAE1ADD0BB4E}.Debug|x86.Build.0 = Debug|x86
		{3622FD12-CE05-4B0F-8CE2-FAE1ADD0BB4E}.Release|Any CPU.ActiveCfg = Release|x64
		{3622FD12-CE05-4B0F-8CE2-FAE1ADD0BB4E}.Release|Any CPU.Build.0 = Release|x64
		{3622FD12-CE05-4B0F-8CE2-FAE1ADD0BB4E}.Release|ARM64.ActiveCfg = Release|ARM64
		{3622FD12-CE05-4B0F-8CE2-FAE1ADD0BB4E}.Release|ARM64.Build.0 = Release|ARM64
		{3622FD12-CE05-4B0F-8CE2-FAE1ADD0BB4E}.Release|x64.ActiveCfg = Release|x64
		{3622FD12-CE05-4B0F-8CE2-FAE1ADD0BB4E}.Release|x64.Build.0 = Release|x64
		{3622FD12-CE05-4B0F-8CE2-FAE1ADD0BB4E}.Release|x86.ActiveCfg = Release|x86
		{3622FD12-CE05-4B0F-8CE2-FAE1ADD0BB4E}.Release|x86.Build.0 = Release|x86
		{8CB63BD0-1A5E-4CA0-AAAD-4249D37E3A47}.Debug|Any CPU.ActiveCfg = Debug|x64
		{8CB63BD0-1A5E-4CA0-AAAD-4249D37E3A47}.Debug|Any CPU.Build.0 = Debug|x64
		{8CB63BD0-1A5E-4CA0-AAAD-4249D37E3A47}.Debug|ARM64.ActiveCfg = Debug|ARM64
		{8CB63BD0-1A5E-4CA0-AAAD-4249D37E3A47}.Debug|ARM64.Build.0 = Debug|ARM64
		{8CB63BD0-1A5E-4CA0-AAAD-4249D37E3A47}.Debug|x64.ActiveCfg = Debug|x64
		{8CB63BD0-1A5E-4CA0-AAAD-4249D37E3A47}.Debug|x64.Build.0 = Debug|x64
		{8CB63BD0-1A5E-4CA0-AAAD-4249D37E3A47}.Debug|x86.ActiveCfg = Debug|x86
		{8CB63BD0-1A5E-4CA0-AAAD-4249D37E3A47}.Debug|x86.Build.0 = Debug|x86
		{8CB63BD0-1A5E-4CA0-AAAD-4249D37E3A47}.Release|Any CPU.ActiveCfg = Release|x64
		{8CB63BD0-1A5E-4CA0-AAAD-4249D37E3A47}.Release|Any CPU.Build.0 = Release|x64
		{8CB63BD0-1A5E-4CA0-AAAD-4249D37E3A47}.Release|ARM64.ActiveCfg = Release|ARM64
		{8CB63BD0-1A5E-4CA0-AAAD-4249D37E3A47}.Release|ARM64.Build.0 = Release|ARM64
		{8CB63BD0-1A5E-4CA0-AAAD-4249D37E3A47}.Release|x64.ActiveCfg = Release|x64
		{8CB63BD0-1A5E-4CA0-AAAD-4249D37E3A47}.Release|x64.Build.0 = Release|x64
		{8CB63BD0-1A5E-4CA0-AAAD-4249D37E3A47}.Release|x86.ActiveCfg = Release|x86
		{8CB63BD0-1A5E-4CA0-AAAD-4249D37E3A47}.Release|x86.Build.0 = Release|x86
		{0F920821-8006-4512-ABCD-1396D1916FED}.Debug|Any CPU.ActiveCfg = Debug|Any CPU
		{0F920821-8006-4512-ABCD-1396D1916FED}.Debug|Any CPU.Build.0 = Debug|Any CPU
		{0F920821-8006-4512-ABCD-1396D1916FED}.Debug|ARM64.ActiveCfg = Debug|Any CPU
		{0F920821-8006-4512-ABCD-1396D1916FED}.Debug|ARM64.Build.0 = Debug|Any CPU
		{0F920821-8006-4512-ABCD-1396D1916FED}.Debug|x64.ActiveCfg = Debug|Any CPU
		{0F920821-8006-4512-ABCD-1396D1916FED}.Debug|x64.Build.0 = Debug|Any CPU
		{0F920821-8006-4512-ABCD-1396D1916FED}.Debug|x86.ActiveCfg = Debug|Any CPU
		{0F920821-8006-4512-ABCD-1396D1916FED}.Debug|x86.Build.0 = Debug|Any CPU
		{0F920821-8006-4512-ABCD-1396D1916FED}.Release|Any CPU.ActiveCfg = Release|Any CPU
		{0F920821-8006-4512-ABCD-1396D1916FED}.Release|Any CPU.Build.0 = Release|Any CPU
		{0F920821-8006-4512-ABCD-1396D1916FED}.Release|ARM64.ActiveCfg = Release|Any CPU
		{0F920821-8006-4512-ABCD-1396D1916FED}.Release|ARM64.Build.0 = Release|Any CPU
		{0F920821-8006-4512-ABCD-1396D1916FED}.Release|x64.ActiveCfg = Release|Any CPU
		{0F920821-8006-4512-ABCD-1396D1916FED}.Release|x64.Build.0 = Release|Any CPU
		{0F920821-8006-4512-ABCD-1396D1916FED}.Release|x86.ActiveCfg = Release|Any CPU
		{0F920821-8006-4512-ABCD-1396D1916FED}.Release|x86.Build.0 = Release|Any CPU
		{8DB15C94-9CCA-4B40-91F4-5919BBC67ABB}.Debug|Any CPU.ActiveCfg = Debug|Any CPU
		{8DB15C94-9CCA-4B40-91F4-5919BBC67ABB}.Debug|Any CPU.Build.0 = Debug|Any CPU
		{8DB15C94-9CCA-4B40-91F4-5919BBC67ABB}.Debug|ARM64.ActiveCfg = Debug|ARM64
		{8DB15C94-9CCA-4B40-91F4-5919BBC67ABB}.Debug|ARM64.Build.0 = Debug|ARM64
		{8DB15C94-9CCA-4B40-91F4-5919BBC67ABB}.Debug|x64.ActiveCfg = Debug|x64
		{8DB15C94-9CCA-4B40-91F4-5919BBC67ABB}.Debug|x64.Build.0 = Debug|x64
		{8DB15C94-9CCA-4B40-91F4-5919BBC67ABB}.Debug|x86.ActiveCfg = Debug|x86
		{8DB15C94-9CCA-4B40-91F4-5919BBC67ABB}.Debug|x86.Build.0 = Debug|x86
		{8DB15C94-9CCA-4B40-91F4-5919BBC67ABB}.Release|Any CPU.ActiveCfg = Release|Any CPU
		{8DB15C94-9CCA-4B40-91F4-5919BBC67ABB}.Release|Any CPU.Build.0 = Release|Any CPU
		{8DB15C94-9CCA-4B40-91F4-5919BBC67ABB}.Release|ARM64.ActiveCfg = Release|ARM64
		{8DB15C94-9CCA-4B40-91F4-5919BBC67ABB}.Release|ARM64.Build.0 = Release|ARM64
		{8DB15C94-9CCA-4B40-91F4-5919BBC67ABB}.Release|x64.ActiveCfg = Release|x64
		{8DB15C94-9CCA-4B40-91F4-5919BBC67ABB}.Release|x64.Build.0 = Release|x64
		{8DB15C94-9CCA-4B40-91F4-5919BBC67ABB}.Release|x86.ActiveCfg = Release|x86
		{8DB15C94-9CCA-4B40-91F4-5919BBC67ABB}.Release|x86.Build.0 = Release|x86
		{6E580C40-BD82-4145-BB69-90F00627CC02}.Debug|Any CPU.ActiveCfg = Debug|Any CPU
		{6E580C40-BD82-4145-BB69-90F00627CC02}.Debug|Any CPU.Build.0 = Debug|Any CPU
		{6E580C40-BD82-4145-BB69-90F00627CC02}.Debug|ARM64.ActiveCfg = Debug|ARM64
		{6E580C40-BD82-4145-BB69-90F00627CC02}.Debug|ARM64.Build.0 = Debug|ARM64
		{6E580C40-BD82-4145-BB69-90F00627CC02}.Debug|x64.ActiveCfg = Debug|x64
		{6E580C40-BD82-4145-BB69-90F00627CC02}.Debug|x64.Build.0 = Debug|x64
		{6E580C40-BD82-4145-BB69-90F00627CC02}.Debug|x86.ActiveCfg = Debug|x86
		{6E580C40-BD82-4145-BB69-90F00627CC02}.Debug|x86.Build.0 = Debug|x86
		{6E580C40-BD82-4145-BB69-90F00627CC02}.Release|Any CPU.ActiveCfg = Release|Any CPU
		{6E580C40-BD82-4145-BB69-90F00627CC02}.Release|Any CPU.Build.0 = Release|Any CPU
		{6E580C40-BD82-4145-BB69-90F00627CC02}.Release|ARM64.ActiveCfg = Release|ARM64
		{6E580C40-BD82-4145-BB69-90F00627CC02}.Release|ARM64.Build.0 = Release|ARM64
		{6E580C40-BD82-4145-BB69-90F00627CC02}.Release|x64.ActiveCfg = Release|x64
		{6E580C40-BD82-4145-BB69-90F00627CC02}.Release|x64.Build.0 = Release|x64
		{6E580C40-BD82-4145-BB69-90F00627CC02}.Release|x86.ActiveCfg = Release|x86
		{6E580C40-BD82-4145-BB69-90F00627CC02}.Release|x86.Build.0 = Release|x86
	EndGlobalSection
	GlobalSection(SolutionProperties) = preSolution
		HideSolutionNode = FALSE
	EndGlobalSection
	GlobalSection(NestedProjects) = preSolution
		{DDD54862-21FE-4810-B8EC-74BF0447E000} = {02EA681E-C7D8-13C7-8484-4AC65E1B71E8}
		{2DC18999-32F2-40D4-AD9B-C5A09514E087} = {02EA681E-C7D8-13C7-8484-4AC65E1B71E8}
		{C20D7EA5-6DB8-42B3-855D-75470CBE667F} = {02EA681E-C7D8-13C7-8484-4AC65E1B71E8}
		{3622FD12-CE05-4B0F-8CE2-FAE1ADD0BB4E} = {02EA681E-C7D8-13C7-8484-4AC65E1B71E8}
		{8CB63BD0-1A5E-4CA0-AAAD-4249D37E3A47} = {02EA681E-C7D8-13C7-8484-4AC65E1B71E8}
		{0F920821-8006-4512-ABCD-1396D1916FED} = {02EA681E-C7D8-13C7-8484-4AC65E1B71E8}
		{8DB15C94-9CCA-4B40-91F4-5919BBC67ABB} = {02EA681E-C7D8-13C7-8484-4AC65E1B71E8}
		{6E580C40-BD82-4145-BB69-90F00627CC02} = {02EA681E-C7D8-13C7-8484-4AC65E1B71E8}
	EndGlobalSection
	GlobalSection(ExtensibilityGlobals) = postSolution
		SolutionGuid = {59A63E9B-DC9C-4D7D-8E1A-E67D60ABDA54}
	EndGlobalSection
EndGlobal
